// !$*UTF8*$!
{
	archiveVersion = 1;
	classes = {
	};
	objectVersion = 50;
	objects = {

/* Begin PBXBuildFile section */
		0AD10AE525BB524300D33384 /* AcocatAppApp.swift in Sources */ = {isa = PBXBuildFile; fileRef = 0AD10AE425BB524300D33384 /* AcocatAppApp.swift */; };
		0AD10AE725BB524300D33384 /* ContentView.swift in Sources */ = {isa = PBXBuildFile; fileRef = 0AD10AE625BB524300D33384 /* ContentView.swift */; };
		0AD10AE925BB524600D33384 /* Assets.xcassets in Resources */ = {isa = PBXBuildFile; fileRef = 0AD10AE825BB524600D33384 /* Assets.xcassets */; };
		0AD10AEC25BB524600D33384 /* Preview Assets.xcassets in Resources */ = {isa = PBXBuildFile; fileRef = 0AD10AEB25BB524600D33384 /* Preview Assets.xcassets */; };
		0AD10AF725BB524700D33384 /* AcocatAppTests.swift in Sources */ = {isa = PBXBuildFile; fileRef = 0AD10AF625BB524700D33384 /* AcocatAppTests.swift */; };
		0AD10B0225BB524700D33384 /* AcocatAppUITests.swift in Sources */ = {isa = PBXBuildFile; fileRef = 0AD10B0125BB524700D33384 /* AcocatAppUITests.swift */; };
		0AFB0ED325BDAF85004F918C /* AvocadosView.swift in Sources */ = {isa = PBXBuildFile; fileRef = 0AFB0ED225BDAF85004F918C /* AvocadosView.swift */; };
		0AFB0ED825BDB046004F918C /* RipeningStagesView.swift in Sources */ = {isa = PBXBuildFile; fileRef = 0AFB0ED725BDB046004F918C /* RipeningStagesView.swift */; };
		0AFB0EDD25BDB0AA004F918C /* SettingsView.swift in Sources */ = {isa = PBXBuildFile; fileRef = 0AFB0EDC25BDB0AA004F918C /* SettingsView.swift */; };
		0AFB0EE225BDB0E1004F918C /* AppView.swift in Sources */ = {isa = PBXBuildFile; fileRef = 0AFB0EE125BDB0E1004F918C /* AppView.swift */; };
/* End PBXBuildFile section */

/* Begin PBXContainerItemProxy section */
		0AD10AF325BB524700D33384 /* PBXContainerItemProxy */ = {
			isa = PBXContainerItemProxy;
			containerPortal = 0AD10AD925BB524300D33384 /* Project object */;
			proxyType = 1;
			remoteGlobalIDString = 0AD10AE025BB524300D33384;
			remoteInfo = AcocatApp;
		};
		0AD10AFE25BB524700D33384 /* PBXContainerItemProxy */ = {
			isa = PBXContainerItemProxy;
			containerPortal = 0AD10AD925BB524300D33384 /* Project object */;
			proxyType = 1;
			remoteGlobalIDString = 0AD10AE025BB524300D33384;
			remoteInfo = AcocatApp;
		};
/* End PBXContainerItemProxy section */

/* Begin PBXFileReference section */
		0AD10AE125BB524300D33384 /* AcocatApp.app */ = {isa = PBXFileReference; explicitFileType = wrapper.application; includeInIndex = 0; path = AcocatApp.app; sourceTree = BUILT_PRODUCTS_DIR; };
		0AD10AE425BB524300D33384 /* AcocatAppApp.swift */ = {isa = PBXFileReference; lastKnownFileType = sourcecode.swift; path = AcocatAppApp.swift; sourceTree = "<group>"; };
		0AD10AE625BB524300D33384 /* ContentView.swift */ = {isa = PBXFileReference; lastKnownFileType = sourcecode.swift; path = ContentView.swift; sourceTree = "<group>"; };
		0AD10AE825BB524600D33384 /* Assets.xcassets */ = {isa = PBXFileReference; lastKnownFileType = folder.assetcatalog; path = Assets.xcassets; sourceTree = "<group>"; };
		0AD10AEB25BB524600D33384 /* Preview Assets.xcassets */ = {isa = PBXFileReference; lastKnownFileType = folder.assetcatalog; path = "Preview Assets.xcassets"; sourceTree = "<group>"; };
		0AD10AED25BB524600D33384 /* Info.plist */ = {isa = PBXFileReference; lastKnownFileType = text.plist.xml; path = Info.plist; sourceTree = "<group>"; };
		0AD10AF225BB524700D33384 /* AcocatAppTests.xctest */ = {isa = PBXFileReference; explicitFileType = wrapper.cfbundle; includeInIndex = 0; path = AcocatAppTests.xctest; sourceTree = BUILT_PRODUCTS_DIR; };
		0AD10AF625BB524700D33384 /* AcocatAppTests.swift */ = {isa = PBXFileReference; lastKnownFileType = sourcecode.swift; path = AcocatAppTests.swift; sourceTree = "<group>"; };
		0AD10AF825BB524700D33384 /* Info.plist */ = {isa = PBXFileReference; lastKnownFileType = text.plist.xml; path = Info.plist; sourceTree = "<group>"; };
		0AD10AFD25BB524700D33384 /* AcocatAppUITests.xctest */ = {isa = PBXFileReference; explicitFileType = wrapper.cfbundle; includeInIndex = 0; path = AcocatAppUITests.xctest; sourceTree = BUILT_PRODUCTS_DIR; };
		0AD10B0125BB524700D33384 /* AcocatAppUITests.swift */ = {isa = PBXFileReference; lastKnownFileType = sourcecode.swift; path = AcocatAppUITests.swift; sourceTree = "<group>"; };
		0AD10B0325BB524700D33384 /* Info.plist */ = {isa = PBXFileReference; lastKnownFileType = text.plist.xml; path = Info.plist; sourceTree = "<group>"; };
		0AFB0ED225BDAF85004F918C /* AvocadosView.swift */ = {isa = PBXFileReference; lastKnownFileType = sourcecode.swift; path = AvocadosView.swift; sourceTree = "<group>"; };
		0AFB0ED725BDB046004F918C /* RipeningStagesView.swift */ = {isa = PBXFileReference; lastKnownFileType = sourcecode.swift; path = RipeningStagesView.swift; sourceTree = "<group>"; };
		0AFB0EDC25BDB0AA004F918C /* SettingsView.swift */ = {isa = PBXFileReference; lastKnownFileType = sourcecode.swift; path = SettingsView.swift; sourceTree = "<group>"; };
		0AFB0EE125BDB0E1004F918C /* AppView.swift */ = {isa = PBXFileReference; lastKnownFileType = sourcecode.swift; path = AppView.swift; sourceTree = "<group>"; };
/* End PBXFileReference section */

/* Begin PBXFrameworksBuildPhase section */
		0AD10ADE25BB524300D33384 /* Frameworks */ = {
			isa = PBXFrameworksBuildPhase;
			buildActionMask = 2147483647;
			files = (
			);
			runOnlyForDeploymentPostprocessing = 0;
		};
		0AD10AEF25BB524700D33384 /* Frameworks */ = {
			isa = PBXFrameworksBuildPhase;
			buildActionMask = 2147483647;
			files = (
			);
			runOnlyForDeploymentPostprocessing = 0;
		};
		0AD10AFA25BB524700D33384 /* Frameworks */ = {
			isa = PBXFrameworksBuildPhase;
			buildActionMask = 2147483647;
			files = (
			);
			runOnlyForDeploymentPostprocessing = 0;
		};
/* End PBXFrameworksBuildPhase section */

/* Begin PBXGroup section */
		0AD10AD825BB524300D33384 = {
			isa = PBXGroup;
			children = (
				0AD10AE325BB524300D33384 /* AcocatApp */,
				0AD10AF525BB524700D33384 /* AcocatAppTests */,
				0AD10B0025BB524700D33384 /* AcocatAppUITests */,
				0AD10AE225BB524300D33384 /* Products */,
			);
			sourceTree = "<group>";
		};
		0AD10AE225BB524300D33384 /* Products */ = {
			isa = PBXGroup;
			children = (
				0AD10AE125BB524300D33384 /* AcocatApp.app */,
				0AD10AF225BB524700D33384 /* AcocatAppTests.xctest */,
				0AD10AFD25BB524700D33384 /* AcocatAppUITests.xctest */,
			);
			name = Products;
			sourceTree = "<group>";
		};
		0AD10AE325BB524300D33384 /* AcocatApp */ = {
			isa = PBXGroup;
			children = (
				0AFB0ED125BDAF2E004F918C /* Model */,
				0AFB0ED025BDAF27004F918C /* Data */,
				0AFB0ECF25BDAF18004F918C /* View */,
				0AD10AE425BB524300D33384 /* AcocatAppApp.swift */,
				0AD10AE825BB524600D33384 /* Assets.xcassets */,
				0AD10AED25BB524600D33384 /* Info.plist */,
				0AD10AEA25BB524600D33384 /* Preview Content */,
			);
			path = AcocatApp;
			sourceTree = "<group>";
		};
		0AD10AEA25BB524600D33384 /* Preview Content */ = {
			isa = PBXGroup;
			children = (
				0AD10AEB25BB524600D33384 /* Preview Assets.xcassets */,
			);
			path = "Preview Content";
			sourceTree = "<group>";
		};
		0AD10AF525BB524700D33384 /* AcocatAppTests */ = {
			isa = PBXGroup;
			children = (
				0AD10AF625BB524700D33384 /* AcocatAppTests.swift */,
				0AD10AF825BB524700D33384 /* Info.plist */,
			);
			path = AcocatAppTests;
			sourceTree = "<group>";
		};
		0AD10B0025BB524700D33384 /* AcocatAppUITests */ = {
			isa = PBXGroup;
			children = (
				0AD10B0125BB524700D33384 /* AcocatAppUITests.swift */,
				0AD10B0325BB524700D33384 /* Info.plist */,
			);
			path = AcocatAppUITests;
			sourceTree = "<group>";
		};
		0AFB0ECF25BDAF18004F918C /* View */ = {
			isa = PBXGroup;
			children = (
				0AD10AE625BB524300D33384 /* ContentView.swift */,
				0AFB0ED225BDAF85004F918C /* AvocadosView.swift */,
				0AFB0ED725BDB046004F918C /* RipeningStagesView.swift */,
				0AFB0EDC25BDB0AA004F918C /* SettingsView.swift */,
				0AFB0EE125BDB0E1004F918C /* AppView.swift */,
			);
			path = View;
			sourceTree = "<group>";
		};
		0AFB0ED025BDAF27004F918C /* Data */ = {
			isa = PBXGroup;
			children = (
			);
			path = Data;
			sourceTree = "<group>";
		};
		0AFB0ED125BDAF2E004F918C /* Model */ = {
			isa = PBXGroup;
			children = (
			);
			path = Model;
			sourceTree = "<group>";
		};
/* End PBXGroup section */

/* Begin PBXNativeTarget section */
		0AD10AE025BB524300D33384 /* AcocatApp */ = {
			isa = PBXNativeTarget;
			buildConfigurationList = 0AD10B0625BB524700D33384 /* Build configuration list for PBXNativeTarget "AcocatApp" */;
			buildPhases = (
				0AD10ADD25BB524300D33384 /* Sources */,
				0AD10ADE25BB524300D33384 /* Frameworks */,
				0AD10ADF25BB524300D33384 /* Resources */,
			);
			buildRules = (
			);
			dependencies = (
			);
			name = AcocatApp;
			productName = AcocatApp;
			productReference = 0AD10AE125BB524300D33384 /* AcocatApp.app */;
			productType = "com.apple.product-type.application";
		};
		0AD10AF125BB524700D33384 /* AcocatAppTests */ = {
			isa = PBXNativeTarget;
			buildConfigurationList = 0AD10B0925BB524700D33384 /* Build configuration list for PBXNativeTarget "AcocatAppTests" */;
			buildPhases = (
				0AD10AEE25BB524700D33384 /* Sources */,
				0AD10AEF25BB524700D33384 /* Frameworks */,
				0AD10AF025BB524700D33384 /* Resources */,
			);
			buildRules = (
			);
			dependencies = (
				0AD10AF425BB524700D33384 /* PBXTargetDependency */,
			);
			name = AcocatAppTests;
			productName = AcocatAppTests;
			productReference = 0AD10AF225BB524700D33384 /* AcocatAppTests.xctest */;
			productType = "com.apple.product-type.bundle.unit-test";
		};
		0AD10AFC25BB524700D33384 /* AcocatAppUITests */ = {
			isa = PBXNativeTarget;
			buildConfigurationList = 0AD10B0C25BB524700D33384 /* Build configuration list for PBXNativeTarget "AcocatAppUITests" */;
			buildPhases = (
				0AD10AF925BB524700D33384 /* Sources */,
				0AD10AFA25BB524700D33384 /* Frameworks */,
				0AD10AFB25BB524700D33384 /* Resources */,
			);
			buildRules = (
			);
			dependencies = (
				0AD10AFF25BB524700D33384 /* PBXTargetDependency */,
			);
			name = AcocatAppUITests;
			productName = AcocatAppUITests;
			productReference = 0AD10AFD25BB524700D33384 /* AcocatAppUITests.xctest */;
			productType = "com.apple.product-type.bundle.ui-testing";
		};
/* End PBXNativeTarget section */

/* Begin PBXProject section */
		0AD10AD925BB524300D33384 /* Project object */ = {
			isa = PBXProject;
			attributes = {
				LastSwiftUpdateCheck = 1230;
				LastUpgradeCheck = 1230;
				TargetAttributes = {
					0AD10AE025BB524300D33384 = {
						CreatedOnToolsVersion = 12.3;
					};
					0AD10AF125BB524700D33384 = {
						CreatedOnToolsVersion = 12.3;
						TestTargetID = 0AD10AE025BB524300D33384;
					};
					0AD10AFC25BB524700D33384 = {
						CreatedOnToolsVersion = 12.3;
						TestTargetID = 0AD10AE025BB524300D33384;
					};
				};
			};
			buildConfigurationList = 0AD10ADC25BB524300D33384 /* Build configuration list for PBXProject "AcocatApp" */;
			compatibilityVersion = "Xcode 9.3";
			developmentRegion = en;
			hasScannedForEncodings = 0;
			knownRegions = (
				en,
				Base,
			);
			mainGroup = 0AD10AD825BB524300D33384;
			productRefGroup = 0AD10AE225BB524300D33384 /* Products */;
			projectDirPath = "";
			projectRoot = "";
			targets = (
				0AD10AE025BB524300D33384 /* AcocatApp */,
				0AD10AF125BB524700D33384 /* AcocatAppTests */,
				0AD10AFC25BB524700D33384 /* AcocatAppUITests */,
			);
		};
/* End PBXProject section */

/* Begin PBXResourcesBuildPhase section */
		0AD10ADF25BB524300D33384 /* Resources */ = {
			isa = PBXResourcesBuildPhase;
			buildActionMask = 2147483647;
			files = (
				0AD10AEC25BB524600D33384 /* Preview Assets.xcassets in Resources */,
				0AD10AE925BB524600D33384 /* Assets.xcassets in Resources */,
			);
			runOnlyForDeploymentPostprocessing = 0;
		};
		0AD10AF025BB524700D33384 /* Resources */ = {
			isa = PBXResourcesBuildPhase;
			buildActionMask = 2147483647;
			files = (
			);
			runOnlyForDeploymentPostprocessing = 0;
		};
		0AD10AFB25BB524700D33384 /* Resources */ = {
			isa = PBXResourcesBuildPhase;
			buildActionMask = 2147483647;
			files = (
			);
			runOnlyForDeploymentPostprocessing = 0;
		};
/* End PBXResourcesBuildPhase section */

/* Begin PBXSourcesBuildPhase section */
		0AD10ADD25BB524300D33384 /* Sources */ = {
			isa = PBXSourcesBuildPhase;
			buildActionMask = 2147483647;
			files = (
				0AFB0EDD25BDB0AA004F918C /* SettingsView.swift in Sources */,
				0AD10AE725BB524300D33384 /* ContentView.swift in Sources */,
				0AFB0EE225BDB0E1004F918C /* AppView.swift in Sources */,
				0AFB0ED825BDB046004F918C /* RipeningStagesView.swift in Sources */,
				0AD10AE525BB524300D33384 /* AcocatAppApp.swift in Sources */,
				0AFB0ED325BDAF85004F918C /* AvocadosView.swift in Sources */,
			);
			runOnlyForDeploymentPostprocessing = 0;
		};
		0AD10AEE25BB524700D33384 /* Sources */ = {
			isa = PBXSourcesBuildPhase;
			buildActionMask = 2147483647;
			files = (
				0AD10AF725BB524700D33384 /* AcocatAppTests.swift in Sources */,
			);
			runOnlyForDeploymentPostprocessing = 0;
		};
		0AD10AF925BB524700D33384 /* Sources */ = {
			isa = PBXSourcesBuildPhase;
			buildActionMask = 2147483647;
			files = (
				0AD10B0225BB524700D33384 /* AcocatAppUITests.swift in Sources */,
			);
			runOnlyForDeploymentPostprocessing = 0;
		};
/* End PBXSourcesBuildPhase section */

/* Begin PBXTargetDependency section */
		0AD10AF425BB524700D33384 /* PBXTargetDependency */ = {
			isa = PBXTargetDependency;
			target = 0AD10AE025BB524300D33384 /* AcocatApp */;
			targetProxy = 0AD10AF325BB524700D33384 /* PBXContainerItemProxy */;
		};
		0AD10AFF25BB524700D33384 /* PBXTargetDependency */ = {
			isa = PBXTargetDependency;
			target = 0AD10AE025BB524300D33384 /* AcocatApp */;
			targetProxy = 0AD10AFE25BB524700D33384 /* PBXContainerItemProxy */;
		};
/* End PBXTargetDependency section */

/* Begin XCBuildConfiguration section */
		0AD10B0425BB524700D33384 /* Debug */ = {
			isa = XCBuildConfiguration;
			buildSettings = {
				ALWAYS_SEARCH_USER_PATHS = NO;
				CLANG_ANALYZER_NONNULL = YES;
				CLANG_ANALYZER_NUMBER_OBJECT_CONVERSION = YES_AGGRESSIVE;
				CLANG_CXX_LANGUAGE_STANDARD = "gnu++14";
				CLANG_CXX_LIBRARY = "libc++";
				CLANG_ENABLE_MODULES = YES;
				CLANG_ENABLE_OBJC_ARC = YES;
				CLANG_ENABLE_OBJC_WEAK = YES;
				CLANG_WARN_BLOCK_CAPTURE_AUTORELEASING = YES;
				CLANG_WARN_BOOL_CONVERSION = YES;
				CLANG_WARN_COMMA = YES;
				CLANG_WARN_CONSTANT_CONVERSION = YES;
				CLANG_WARN_DEPRECATED_OBJC_IMPLEMENTATIONS = YES;
				CLANG_WARN_DIRECT_OBJC_ISA_USAGE = YES_ERROR;
				CLANG_WARN_DOCUMENTATION_COMMENTS = YES;
				CLANG_WARN_EMPTY_BODY = YES;
				CLANG_WARN_ENUM_CONVERSION = YES;
				CLANG_WARN_INFINITE_RECURSION = YES;
				CLANG_WARN_INT_CONVERSION = YES;
				CLANG_WARN_NON_LITERAL_NULL_CONVERSION = YES;
				CLANG_WARN_OBJC_IMPLICIT_RETAIN_SELF = YES;
				CLANG_WARN_OBJC_LITERAL_CONVERSION = YES;
				CLANG_WARN_OBJC_ROOT_CLASS = YES_ERROR;
				CLANG_WARN_QUOTED_INCLUDE_IN_FRAMEWORK_HEADER = YES;
				CLANG_WARN_RANGE_LOOP_ANALYSIS = YES;
				CLANG_WARN_STRICT_PROTOTYPES = YES;
				CLANG_WARN_SUSPICIOUS_MOVE = YES;
				CLANG_WARN_UNGUARDED_AVAILABILITY = YES_AGGRESSIVE;
				CLANG_WARN_UNREACHABLE_CODE = YES;
				CLANG_WARN__DUPLICATE_METHOD_MATCH = YES;
				COPY_PHASE_STRIP = NO;
				DEBUG_INFORMATION_FORMAT = dwarf;
				ENABLE_STRICT_OBJC_MSGSEND = YES;
				ENABLE_TESTABILITY = YES;
				GCC_C_LANGUAGE_STANDARD = gnu11;
				GCC_DYNAMIC_NO_PIC = NO;
				GCC_NO_COMMON_BLOCKS = YES;
				GCC_OPTIMIZATION_LEVEL = 0;
				GCC_PREPROCESSOR_DEFINITIONS = (
					"DEBUG=1",
					"$(inherited)",
				);
				GCC_WARN_64_TO_32_BIT_CONVERSION = YES;
				GCC_WARN_ABOUT_RETURN_TYPE = YES_ERROR;
				GCC_WARN_UNDECLARED_SELECTOR = YES;
				GCC_WARN_UNINITIALIZED_AUTOS = YES_AGGRESSIVE;
				GCC_WARN_UNUSED_FUNCTION = YES;
				GCC_WARN_UNUSED_VARIABLE = YES;
				IPHONEOS_DEPLOYMENT_TARGET = 14.3;
				MTL_ENABLE_DEBUG_INFO = INCLUDE_SOURCE;
				MTL_FAST_MATH = YES;
				ONLY_ACTIVE_ARCH = YES;
				SDKROOT = iphoneos;
				SWIFT_ACTIVE_COMPILATION_CONDITIONS = DEBUG;
				SWIFT_OPTIMIZATION_LEVEL = "-Onone";
			};
			name = Debug;
		};
		0AD10B0525BB524700D33384 /* Release */ = {
			isa = XCBuildConfiguration;
			buildSettings = {
				ALWAYS_SEARCH_USER_PATHS = NO;
				CLANG_ANALYZER_NONNULL = YES;
				CLANG_ANALYZER_NUMBER_OBJECT_CONVERSION = YES_AGGRESSIVE;
				CLANG_CXX_LANGUAGE_STANDARD = "gnu++14";
				CLANG_CXX_LIBRARY = "libc++";
				CLANG_ENABLE_MODULES = YES;
				CLANG_ENABLE_OBJC_ARC = YES;
				CLANG_ENABLE_OBJC_WEAK = YES;
				CLANG_WARN_BLOCK_CAPTURE_AUTORELEASING = YES;
				CLANG_WARN_BOOL_CONVERSION = YES;
				CLANG_WARN_COMMA = YES;
				CLANG_WARN_CONSTANT_CONVERSION = YES;
				CLANG_WARN_DEPRECATED_OBJC_IMPLEMENTATIONS = YES;
				CLANG_WARN_DIRECT_OBJC_ISA_USAGE = YES_ERROR;
				CLANG_WARN_DOCUMENTATION_COMMENTS = YES;
				CLANG_WARN_EMPTY_BODY = YES;
				CLANG_WARN_ENUM_CONVERSION = YES;
				CLANG_WARN_INFINITE_RECURSION = YES;
				CLANG_WARN_INT_CONVERSION = YES;
				CLANG_WARN_NON_LITERAL_NULL_CONVERSION = YES;
				CLANG_WARN_OBJC_IMPLICIT_RETAIN_SELF = YES;
				CLANG_WARN_OBJC_LITERAL_CONVERSION = YES;
				CLANG_WARN_OBJC_ROOT_CLASS = YES_ERROR;
				CLANG_WARN_QUOTED_INCLUDE_IN_FRAMEWORK_HEADER = YES;
				CLANG_WARN_RANGE_LOOP_ANALYSIS = YES;
				CLANG_WARN_STRICT_PROTOTYPES = YES;
				CLANG_WARN_SUSPICIOUS_MOVE = YES;
				CLANG_WARN_UNGUARDED_AVAILABILITY = YES_AGGRESSIVE;
				CLANG_WARN_UNREACHABLE_CODE = YES;
				CLANG_WARN__DUPLICATE_METHOD_MATCH = YES;
				COPY_PHASE_STRIP = NO;
				DEBUG_INFORMATION_FORMAT = "dwarf-with-dsym";
				ENABLE_NS_ASSERTIONS = NO;
				ENABLE_STRICT_OBJC_MSGSEND = YES;
				GCC_C_LANGUAGE_STANDARD = gnu11;
				GCC_NO_COMMON_BLOCKS = YES;
				GCC_WARN_64_TO_32_BIT_CONVERSION = YES;
				GCC_WARN_ABOUT_RETURN_TYPE = YES_ERROR;
				GCC_WARN_UNDECLARED_SELECTOR = YES;
				GCC_WARN_UNINITIALIZED_AUTOS = YES_AGGRESSIVE;
				GCC_WARN_UNUSED_FUNCTION = YES;
				GCC_WARN_UNUSED_VARIABLE = YES;
				IPHONEOS_DEPLOYMENT_TARGET = 14.3;
				MTL_ENABLE_DEBUG_INFO = NO;
				MTL_FAST_MATH = YES;
				SDKROOT = iphoneos;
				SWIFT_COMPILATION_MODE = wholemodule;
				SWIFT_OPTIMIZATION_LEVEL = "-O";
				VALIDATE_PRODUCT = YES;
			};
			name = Release;
		};
		0AD10B0725BB524700D33384 /* Debug */ = {
			isa = XCBuildConfiguration;
			buildSettings = {
				ASSETCATALOG_COMPILER_APPICON_NAME = AppIcon;
				ASSETCATALOG_COMPILER_GLOBAL_ACCENT_COLOR_NAME = AccentColor;
				CODE_SIGN_STYLE = Automatic;
				DEVELOPMENT_ASSET_PATHS = "\"AcocatApp/Preview Content\"";
				ENABLE_PREVIEWS = YES;
				INFOPLIST_FILE = AcocatApp/Info.plist;
				IPHONEOS_DEPLOYMENT_TARGET = 14.0;
				LD_RUNPATH_SEARCH_PATHS = (
					"$(inherited)",
					"@executable_path/Frameworks",
				);
				PRODUCT_BUNDLE_IDENTIFIER = com.lordvins.AcocatApp;
				PRODUCT_NAME = "$(TARGET_NAME)";
				SWIFT_VERSION = 5.0;
				TARGETED_DEVICE_FAMILY = "1,2";
			};
			name = Debug;
		};
		0AD10B0825BB524700D33384 /* Release */ = {
			isa = XCBuildConfiguration;
			buildSettings = {
				ASSETCATALOG_COMPILER_APPICON_NAME = AppIcon;
				ASSETCATALOG_COMPILER_GLOBAL_ACCENT_COLOR_NAME = AccentColor;
				CODE_SIGN_STYLE = Automatic;
				DEVELOPMENT_ASSET_PATHS = "\"AcocatApp/Preview Content\"";
				ENABLE_PREVIEWS = YES;
				INFOPLIST_FILE = AcocatApp/Info.plist;
				IPHONEOS_DEPLOYMENT_TARGET = 14.0;
				LD_RUNPATH_SEARCH_PATHS = (
					"$(inherited)",
					"@executable_path/Frameworks",
				);
				PRODUCT_BUNDLE_IDENTIFIER = com.lordvins.AcocatApp;
				PRODUCT_NAME = "$(TARGET_NAME)";
				SWIFT_VERSION = 5.0;
				TARGETED_DEVICE_FAMILY = "1,2";
			};
			name = Release;
		};
		0AD10B0A25BB524700D33384 /* Debug */ = {
			isa = XCBuildConfiguration;
			buildSettings = {
				ALWAYS_EMBED_SWIFT_STANDARD_LIBRARIES = YES;
				BUNDLE_LOADER = "$(TEST_HOST)";
				CODE_SIGN_STYLE = Automatic;
				INFOPLIST_FILE = AcocatAppTests/Info.plist;
				IPHONEOS_DEPLOYMENT_TARGET = 14.0;
				LD_RUNPATH_SEARCH_PATHS = (
					"$(inherited)",
					"@executable_path/Frameworks",
					"@loader_path/Frameworks",
				);
				PRODUCT_BUNDLE_IDENTIFIER = com.lordvins.AcocatAppTests;
				PRODUCT_NAME = "$(TARGET_NAME)";
				SWIFT_VERSION = 5.0;
				TARGETED_DEVICE_FAMILY = "1,2";
				TEST_HOST = "$(BUILT_PRODUCTS_DIR)/AcocatApp.app/AcocatApp";
			};
			name = Debug;
		};
		0AD10B0B25BB524700D33384 /* Release */ = {
			isa = XCBuildConfiguration;
			buildSettings = {
				ALWAYS_EMBED_SWIFT_STANDARD_LIBRARIES = YES;
				BUNDLE_LOADER = "$(TEST_HOST)";
				CODE_SIGN_STYLE = Automatic;
				INFOPLIST_FILE = AcocatAppTests/Info.plist;
				IPHONEOS_DEPLOYMENT_TARGET = 14.0;
				LD_RUNPATH_SEARCH_PATHS = (
					"$(inherited)",
					"@executable_path/Frameworks",
					"@loader_path/Frameworks",
				);
				PRODUCT_BUNDLE_IDENTIFIER = com.lordvins.AcocatAppTests;
				PRODUCT_NAME = "$(TARGET_NAME)";
				SWIFT_VERSION = 5.0;
				TARGETED_DEVICE_FAMILY = "1,2";
				TEST_HOST = "$(BUILT_PRODUCTS_DIR)/AcocatApp.app/AcocatApp";
			};
			name = Release;
		};
		0AD10B0D25BB524700D33384 /* Debug */ = {
			isa = XCBuildConfiguration;
			buildSettings = {
				ALWAYS_EMBED_SWIFT_STANDARD_LIBRARIES = YES;
				CODE_SIGN_STYLE = Automatic;
				INFOPLIST_FILE = AcocatAppUITests/Info.plist;
				LD_RUNPATH_SEARCH_PATHS = (
					"$(inherited)",
					"@executable_path/Frameworks",
					"@loader_path/Frameworks",
				);
				PRODUCT_BUNDLE_IDENTIFIER = com.lordvins.AcocatAppUITests;
				PRODUCT_NAME = "$(TARGET_NAME)";
				SWIFT_VERSION = 5.0;
				TARGETED_DEVICE_FAMILY = "1,2";
				TEST_TARGET_NAME = AcocatApp;
			};
			name = Debug;
		};
		0AD10B0E25BB524700D33384 /* Release */ = {
			isa = XCBuildConfiguration;
			buildSettings = {
				ALWAYS_EMBED_SWIFT_STANDARD_LIBRARIES = YES;
				CODE_SIGN_STYLE = Automatic;
				INFOPLIST_FILE = AcocatAppUITests/Info.plist;
				LD_RUNPATH_SEARCH_PATHS = (
					"$(inherited)",
					"@executable_path/Frameworks",
					"@loader_path/Frameworks",
				);
				PRODUCT_BUNDLE_IDENTIFIER = com.lordvins.AcocatAppUITests;
				PRODUCT_NAME = "$(TARGET_NAME)";
				SWIFT_VERSION = 5.0;
				TARGETED_DEVICE_FAMILY = "1,2";
				TEST_TARGET_NAME = AcocatApp;
			};
			name = Release;
		};
/* End XCBuildConfiguration section */

/* Begin XCConfigurationList section */
		0AD10ADC25BB524300D33384 /* Build configuration list for PBXProject "AcocatApp" */ = {
			isa = XCConfigurationList;
			buildConfigurations = (
				0AD10B0425BB524700D33384 /* Debug */,
				0AD10B0525BB524700D33384 /* Release */,
			);
			defaultConfigurationIsVisible = 0;
			defaultConfigurationName = Release;
		};
		0AD10B0625BB524700D33384 /* Build configuration list for PBXNativeTarget "AcocatApp" */ = {
			isa = XCConfigurationList;
			buildConfigurations = (
				0AD10B0725BB524700D33384 /* Debug */,
				0AD10B0825BB524700D33384 /* Release */,
			);
			defaultConfigurationIsVisible = 0;
			defaultConfigurationName = Release;
		};
		0AD10B0925BB524700D33384 /* Build configuration list for PBXNativeTarget "AcocatAppTests" */ = {
			isa = XCConfigurationList;
			buildConfigurations = (
				0AD10B0A25BB524700D33384 /* Debug */,
				0AD10B0B25BB524700D33384 /* Release */,
			);
			defaultConfigurationIsVisible = 0;
			defaultConfigurationName = Release;
		};
		0AD10B0C25BB524700D33384 /* Build configuration list for PBXNativeTarget "AcocatAppUITests" */ = {
			isa = XCConfigurationList;
			buildConfigurations = (
				0AD10B0D25BB524700D33384 /* Debug */,
				0AD10B0E25BB524700D33384 /* Release */,
			);
			defaultConfigurationIsVisible = 0;
			defaultConfigurationName = Release;
		};
/* End XCConfigurationList section */
	};
	rootObject = 0AD10AD925BB524300D33384 /* Project object */;
}
